{
  "name": "yes",
  "version": "1.0.0",
  "lockfileVersion": 1,
  "requires": true,
  "dependencies": {
    "ajv": {
      "version": "6.5.5",
      "resolved": "https://registry.npmjs.org/ajv/-/ajv-6.5.5.tgz",
      "integrity": "sha512-7q7gtRQDJSyuEHjuVgHoUa2VuemFiCMrfQc9Tc08XTAc4Zj/5U1buQJ0HU6i7fKjXU09SVgSmxa4sLvuvS8Iyg==",
      "requires": {
        "fast-deep-equal": "^2.0.1",
        "fast-json-stable-stringify": "^2.0.0",
        "json-schema-traverse": "^0.4.1",
        "uri-js": "^4.2.2"
      }
    },
    "ajv-errors": {
      "version": "1.0.0",
      "resolved": "https://registry.npmjs.org/ajv-errors/-/ajv-errors-1.0.0.tgz",
      "integrity": "sha1-7PAh+hCP0X37Xms4Py3SM+Mf/Fk="
    },
    "ajv-keywords": {
      "version": "3.2.0",
      "resolved": "https://registry.npmjs.org/ajv-keywords/-/ajv-keywords-3.2.0.tgz",
      "integrity": "sha1-6GuBnGAs+IIa1jdBNpjx3sAhhHo="
    },
    "amdefine": {
      "version": "1.0.1",
      "resolved": "https://registry.npmjs.org/amdefine/-/amdefine-1.0.1.tgz",
      "integrity": "sha1-SlKCrBZHKek2Gbz9OtFR+BfOkfU="
    },
    "async-validator": {
      "version": "1.8.2",
      "resolved": "https://registry.npmjs.org/async-validator/-/async-validator-1.8.2.tgz",
      "integrity": "sha1-t3WXIm6WJC+NUxwNRq4pX2JCK6Q=",
      "requires": {
        "babel-runtime": "6.x"
      }
    },
    "babel-helper-vue-jsx-merge-props": {
      "version": "2.0.3",
      "resolved": "https://registry.npmjs.org/babel-helper-vue-jsx-merge-props/-/babel-helper-vue-jsx-merge-props-2.0.3.tgz",
      "integrity": "sha512-gsLiKK7Qrb7zYJNgiXKpXblxbV5ffSwR0f5whkPAaBAR4fhi6bwRZxX9wBlIc5M/v8CCkXUbXZL4N/nSE97cqg=="
    },
    "babel-plugin-transform-modules": {
      "version": "0.1.1",
      "resolved": "https://registry.npmjs.org/babel-plugin-transform-modules/-/babel-plugin-transform-modules-0.1.1.tgz",
      "integrity": "sha1-KnLO1p2FYT2VMZaumobTnxn9eTM=",
      "dev": true,
      "requires": {
        "lodash.camelcase": "^4.3.0",
        "lodash.kebabcase": "^4.1.1",
        "lodash.snakecase": "^4.1.1"
      }
    },
    "babel-runtime": {
      "version": "6.26.0",
      "resolved": "https://registry.npmjs.org/babel-runtime/-/babel-runtime-6.26.0.tgz",
      "integrity": "sha1-llxwWGaOgrVde/4E/yM3vItWR/4=",
      "requires": {
        "core-js": "^2.4.0",
        "regenerator-runtime": "^0.11.0"
      }
    },
    "balanced-match": {
      "version": "1.0.0",
      "resolved": "https://registry.npmjs.org/balanced-match/-/balanced-match-1.0.0.tgz",
      "integrity": "sha1-ibTRmasr7kneFk6gK4nORi1xt2c="
    },
    "batch-processor": {
      "version": "1.0.0",
      "resolved": "https://registry.npmjs.org/batch-processor/-/batch-processor-1.0.0.tgz",
      "integrity": "sha1-dclcMrdI4IUNEMKxaPa9vpiRrOg="
    },
    "better-scroll": {
      "version": "1.13.2",
      "resolved": "https://registry.npmjs.org/better-scroll/-/better-scroll-1.13.2.tgz",
      "integrity": "sha512-JUt5aQYuHMjHNOD5JpIvNT502MlHAPXZsHoA6P2rNgLKX6WPQIoHhpwo0gT9FHgm9uTJ8wEg1HN9ZmRFJYjZLg==",
      "requires": {
        "babel-runtime": "^6.0.0"
      }
    },
    "big.js": {
      "version": "3.2.0",
      "resolved": "https://registry.npmjs.org/big.js/-/big.js-3.2.0.tgz",
      "integrity": "sha512-+hN/Zh2D08Mx65pZ/4g5bsmNiZUuChDiQfTUQ7qJr4/kuopCr88xZsAXv6mBoZEsUI4OuGHlX59qE94K2mMW8Q=="
    },
    "brace-expansion": {
      "version": "1.1.11",
      "resolved": "https://registry.npmjs.org/brace-expansion/-/brace-expansion-1.1.11.tgz",
      "integrity": "sha512-iCuPHDFgrHX7H2vEI/5xpz07zSHB00TpugqhmYtVmMO6518mCuRMoOYFldEBl0g187ufozdaHgWKcYFb61qGiA==",
      "requires": {
        "balanced-match": "^1.0.0",
        "concat-map": "0.0.1"
      }
    },
    "concat-map": {
      "version": "0.0.1",
      "resolved": "https://registry.npmjs.org/concat-map/-/concat-map-0.0.1.tgz",
      "integrity": "sha1-2Klr13/Wjfd5OnMDajug1UBdR3s="
    },
    "core-js": {
      "version": "2.5.6",
      "resolved": "https://registry.npmjs.org/core-js/-/core-js-2.5.6.tgz",
      "integrity": "sha512-lQUVfQi0aLix2xpyjrrJEvfuYCqPc/HwmTKsC/VNf8q0zsjX7SQZtp4+oRONN5Tsur9GDETPjj+Ub2iDiGZfSQ=="
    },
    "css-parse": {
      "version": "1.7.0",
      "resolved": "https://registry.npmjs.org/css-parse/-/css-parse-1.7.0.tgz",
      "integrity": "sha1-Mh9s9zeCpv91ERE5D8BeLGV9jJs="
    },
    "cube-ui": {
      "version": "1.12.5",
      "resolved": "https://registry.npmjs.org/cube-ui/-/cube-ui-1.12.5.tgz",
      "integrity": "sha512-c9Dku2k/qRWH5vJfQ4zHTT8vP79UftQUnFKcjd3VcEvHwUfivmyAP4SqvXwzYUwKDYA9+iuuHMyNPaUsK5mljQ==",
      "requires": {
        "better-scroll": "^1.12.6",
        "vue-create-api": "^0.2.0"
      }
    },
    "debug": {
      "version": "4.1.0",
      "resolved": "https://registry.npmjs.org/debug/-/debug-4.1.0.tgz",
      "integrity": "sha512-heNPJUJIqC+xB6ayLAMHaIrmN9HKa7aQO8MGqKpvCA+uJYVcvR6l5kgdrhRuwPFHU7P5/A1w0BjByPHwpfTDKg==",
      "requires": {
        "ms": "^2.1.1"
      }
    },
    "deepmerge": {
      "version": "2.1.0",
      "resolved": "https://registry.npmjs.org/deepmerge/-/deepmerge-2.1.0.tgz",
      "integrity": "sha512-Q89Z26KAfA3lpPGhbF6XMfYAm3jIV3avViy6KOJ2JLzFbeWHOvPQUu5aSJIWXap3gDZC2y1eF5HXEPI2wGqgvw=="
    },
    "element-resize-detector": {
      "version": "1.1.14",
      "resolved": "https://registry.npmjs.org/element-resize-detector/-/element-resize-detector-1.1.14.tgz",
      "integrity": "sha1-rwZKCmGKggrVcKlcXuxbd74BKME=",
      "requires": {
        "batch-processor": "^1.0.0"
      }
    },
    "element-ui": {
      "version": "2.4.9",
      "resolved": "https://registry.npmjs.org/element-ui/-/element-ui-2.4.9.tgz",
      "integrity": "sha512-PO5FsPiemYEJxPzzP3fT7Dhy/MX7zVqpJ74Rp6p8nBH604E7ruwT0VkrGX4K4cgAXRfgo4BK3O03m4RbWYUebA==",
      "requires": {
        "async-validator": "~1.8.1",
        "babel-helper-vue-jsx-merge-props": "^2.0.0",
        "deepmerge": "^1.2.0",
        "normalize-wheel": "^1.0.1",
        "resize-observer-polyfill": "^1.5.0",
        "throttle-debounce": "^1.0.1"
      },
      "dependencies": {
        "deepmerge": {
          "version": "1.5.2",
          "resolved": "https://registry.npmjs.org/deepmerge/-/deepmerge-1.5.2.tgz",
          "integrity": "sha512-95k0GDqvBjZavkuvzx/YqVLv/6YYa17fz6ILMSf7neqQITCPbnfEnQvEgMPNjH4kgobe7+WIL0yJEHku+H3qtQ=="
        }
      }
    },
    "emojis-list": {
      "version": "2.1.0",
      "resolved": "https://registry.npmjs.org/emojis-list/-/emojis-list-2.1.0.tgz",
      "integrity": "sha1-TapNnbAPmBmIDHn6RXrlsJof04k="
    },
    "fast-deep-equal": {
      "version": "2.0.1",
      "resolved": "https://registry.npmjs.org/fast-deep-equal/-/fast-deep-equal-2.0.1.tgz",
      "integrity": "sha1-ewUhjd+WZ79/Nwv3/bLLFf3Qqkk="
    },
    "fast-json-stable-stringify": {
      "version": "2.0.0",
      "resolved": "https://registry.npmjs.org/fast-json-stable-stringify/-/fast-json-stable-stringify-2.0.0.tgz",
      "integrity": "sha1-1RQsDK7msRifh9OnYREGT4bIu/I="
    },
    "fs.realpath": {
      "version": "1.0.0",
      "resolved": "https://registry.npmjs.org/fs.realpath/-/fs.realpath-1.0.0.tgz",
      "integrity": "sha1-FQStJSMVjKpA20onh8sBQRmU6k8="
    },
    "glob": {
      "version": "7.0.6",
      "resolved": "https://registry.npmjs.org/glob/-/glob-7.0.6.tgz",
      "integrity": "sha1-IRuvr0nlJbjNkyYNFKsTYVKz9Xo=",
      "requires": {
        "fs.realpath": "^1.0.0",
        "inflight": "^1.0.4",
        "inherits": "2",
        "minimatch": "^3.0.2",
        "once": "^1.3.0",
        "path-is-absolute": "^1.0.0"
      }
    },
    "inflight": {
      "version": "1.0.6",
      "resolved": "https://registry.npmjs.org/inflight/-/inflight-1.0.6.tgz",
      "integrity": "sha1-Sb1jMdfQLQwJvJEKEHW6gWW1bfk=",
      "requires": {
        "once": "^1.3.0",
        "wrappy": "1"
      }
    },
    "inherits": {
      "version": "2.0.3",
      "resolved": "https://registry.npmjs.org/inherits/-/inherits-2.0.3.tgz",
      "integrity": "sha1-Yzwsg+PaQqUC9SRmAiSA9CCCYd4="
    },
    "iview": {
      "version": "2.13.1",
      "resolved": "https://registry.npmjs.org/iview/-/iview-2.13.1.tgz",
      "integrity": "sha512-7XwHnEfMnLuvKbzFTnbMPRKEwArhRu1HDzhc0WVCwQhqrhc/JqxJJuv9r9ndzfhm7ARGcsKSF/lxtnwadmLqTg==",
      "requires": {
        "async-validator": "^1.8.2",
        "deepmerge": "^2.1.0",
        "element-resize-detector": "^1.1.14",
        "js-calendar": "^1.2.3",
        "lodash.throttle": "^4.1.1",
        "popper.js": "^1.14.1",
        "tinycolor2": "^1.4.1"
      }
    },
    "js-calendar": {
      "version": "1.2.3",
      "resolved": "https://registry.npmjs.org/js-calendar/-/js-calendar-1.2.3.tgz",
      "integrity": "sha512-dAA1/Zbp4+c5E+ARCVTIuKepXsNLzSYfzvOimiYD4S5eeP9QuplSHLcdhfqFSwyM1o1u6ku6RRRCyaZ0YAjiBw=="
    },
    "js-cookie": {
      "version": "2.2.0",
      "resolved": "http://registry.npm.taobao.org/js-cookie/download/js-cookie-2.2.0.tgz",
      "integrity": "sha1-Gywnmm7s44ChIWi5JIUmWzWx7/s="
    },
    "json-schema-traverse": {
      "version": "0.4.1",
      "resolved": "https://registry.npmjs.org/json-schema-traverse/-/json-schema-traverse-0.4.1.tgz",
      "integrity": "sha512-xbbCH5dCYU5T8LcEhhuh7HJ88HXuW3qsI3Y0zOZFKfZEHcpWiHU/Jxzk629Brsab/mMiHQti9wMP+845RPe3Vg=="
    },
    "json5": {
      "version": "0.5.1",
      "resolved": "http://registry.npmjs.org/json5/-/json5-0.5.1.tgz",
      "integrity": "sha1-Hq3nrMASA0rYTiOWdn6tn6VJWCE="
    },
    "load-pkg-config": {
      "version": "1.0.1",
      "resolved": "https://registry.npmjs.org/load-pkg-config/-/load-pkg-config-1.0.1.tgz",
      "integrity": "sha512-ErE4WlyJ1hSeLs8NJZn7ef0An6azKWcV8MF0r6p1tP5LNvoqSHfNuDPSjlFryucfu90OYQZybEbwKDLgtLQJ7A==",
      "dev": true,
      "requires": {
        "resolve-pkg": "^1.0.0"
      }
    },
    "loader-utils": {
      "version": "1.1.0",
      "resolved": "https://registry.npmjs.org/loader-utils/-/loader-utils-1.1.0.tgz",
      "integrity": "sha1-yYrvSIvM7aL/teLeZG1qdUQp9c0=",
      "requires": {
        "big.js": "^3.1.3",
        "emojis-list": "^2.0.0",
        "json5": "^0.5.0"
      }
    },
    "lodash.camelcase": {
      "version": "4.3.0",
      "resolved": "https://registry.npmjs.org/lodash.camelcase/-/lodash.camelcase-4.3.0.tgz",
      "integrity": "sha1-soqmKIorn8ZRA1x3EfZathkDMaY=",
      "dev": true
    },
    "lodash.clonedeep": {
      "version": "4.5.0",
      "resolved": "https://registry.npmjs.org/lodash.clonedeep/-/lodash.clonedeep-4.5.0.tgz",
      "integrity": "sha1-4j8/nE+Pvd6HJSnBBxhXoIblzO8="
    },
    "lodash.kebabcase": {
      "version": "4.1.1",
      "resolved": "https://registry.npmjs.org/lodash.kebabcase/-/lodash.kebabcase-4.1.1.tgz",
      "integrity": "sha1-hImxyw0p/4gZXM7KRI/21swpXDY=",
      "dev": true
    },
    "lodash.snakecase": {
      "version": "4.1.1",
      "resolved": "https://registry.npmjs.org/lodash.snakecase/-/lodash.snakecase-4.1.1.tgz",
      "integrity": "sha1-OdcUo1NXFHg3rv1ktdy7Fr7Nj40=",
      "dev": true
    },
    "lodash.throttle": {
      "version": "4.1.1",
      "resolved": "https://registry.npmjs.org/lodash.throttle/-/lodash.throttle-4.1.1.tgz",
      "integrity": "sha1-wj6RtxAkKscMN/HhzaknTMOb8vQ="
    },
    "minimatch": {
      "version": "3.0.4",
      "resolved": "https://registry.npmjs.org/minimatch/-/minimatch-3.0.4.tgz",
      "integrity": "sha512-yJHVQEhyqPLUTgt9B83PXu6W3rx4MvvHvSUvToogpwoGDOUQ+yDrR0HRot+yOCdCO7u4hX3pWft6kWBBcqh0UA==",
      "requires": {
        "brace-expansion": "^1.1.7"
      }
    },
    "minimist": {
      "version": "0.0.8",
      "resolved": "http://registry.npmjs.org/minimist/-/minimist-0.0.8.tgz",
      "integrity": "sha1-hX/Kv8M5fSYluCKCYuhqp6ARsF0="
    },
    "mkdirp": {
      "version": "0.5.1",
      "resolved": "http://registry.npmjs.org/mkdirp/-/mkdirp-0.5.1.tgz",
      "integrity": "sha1-MAV0OOrGz3+MR2fzhkjWaX11yQM=",
      "requires": {
        "minimist": "0.0.8"
      }
    },
    "ms": {
      "version": "2.1.1",
      "resolved": "https://registry.npmjs.org/ms/-/ms-2.1.1.tgz",
      "integrity": "sha512-tgp+dl5cGk28utYktBsrFqA7HKgrhgPsg6Z/EfhWI4gl1Hwq8B/GmY/0oXZ6nF8hDVesS/FpnYaD/kOWhYQvyg=="
    },
    "normalize-wheel": {
      "version": "1.0.1",
      "resolved": "http://registry.npm.taobao.org/normalize-wheel/download/normalize-wheel-1.0.1.tgz",
      "integrity": "sha1-rsiGr/2wRQcNhWRH32Ls+GFG7EU="
    },
    "once": {
      "version": "1.4.0",
      "resolved": "https://registry.npmjs.org/once/-/once-1.4.0.tgz",
      "integrity": "sha1-WDsap3WWHUsROsF9nFC6753Xa9E=",
      "requires": {
        "wrappy": "1"
      }
    },
    "path-is-absolute": {
      "version": "1.0.1",
      "resolved": "http://registry.npmjs.org/path-is-absolute/-/path-is-absolute-1.0.1.tgz",
      "integrity": "sha1-F0uSaHNVNP+8es5r9TpanhtcX18="
    },
    "popper.js": {
      "version": "1.14.3",
      "resolved": "https://registry.npmjs.org/popper.js/-/popper.js-1.14.3.tgz",
      "integrity": "sha1-FDj5jQRqz3tNeM1QK/QYrGTU8JU="
    },
    "punycode": {
      "version": "2.1.1",
      "resolved": "https://registry.npmjs.org/punycode/-/punycode-2.1.1.tgz",
      "integrity": "sha512-XRsRjdf+j5ml+y/6GKHPZbrF/8p2Yga0JPtdqTIY2Xe5ohJPD9saDJJLPvp9+NSBprVvevdXZybnj2cv8OEd0A=="
    },
    "regenerator-runtime": {
      "version": "0.11.1",
      "resolved": "https://registry.npmjs.org/regenerator-runtime/-/regenerator-runtime-0.11.1.tgz",
      "integrity": "sha512-MguG95oij0fC3QV3URf4V2SDYGJhJnJGqvIIgdECeODCT98wSWDAJ94SSuVpYQUoTcGUIL6L4yNB7j1DFFHSBg=="
    },
    "resize-observer-polyfill": {
      "version": "1.5.0",
      "resolved": "https://registry.npmjs.org/resize-observer-polyfill/-/resize-observer-polyfill-1.5.0.tgz",
      "integrity": "sha512-M2AelyJDVR/oLnToJLtuDJRBBWUGUvvGigj1411hXhAdyFWqMaqHp7TixW3FpiLuVaikIcR1QL+zqoJoZlOgpg=="
    },
    "resolve-from": {
      "version": "2.0.0",
      "resolved": "https://registry.npmjs.org/resolve-from/-/resolve-from-2.0.0.tgz",
      "integrity": "sha1-lICrIOlP+h2egKgEx+oUdhGWa1c=",
      "dev": true
    },
    "resolve-pkg": {
      "version": "1.0.0",
      "resolved": "https://registry.npmjs.org/resolve-pkg/-/resolve-pkg-1.0.0.tgz",
      "integrity": "sha1-4ZoV54rKLhJEYdySsuOUPvk0lNk=",
      "dev": true,
      "requires": {
        "resolve-from": "^2.0.0"
      }
    },
    "sax": {
      "version": "0.5.8",
      "resolved": "http://registry.npmjs.org/sax/-/sax-0.5.8.tgz",
      "integrity": "sha1-1HLbIo6zMcJQaw6MFVJK25OdEsE="
    },
    "schema-utils": {
      "version": "1.0.0",
      "resolved": "https://registry.npmjs.org/schema-utils/-/schema-utils-1.0.0.tgz",
      "integrity": "sha512-i27Mic4KovM/lnGsy8whRCHhc7VicJajAjTrYg11K9zfZXnYIt4k5F+kZkwjnrhKzLic/HLU4j11mjsz2G/75g==",
      "requires": {
        "ajv": "^6.1.0",
        "ajv-errors": "^1.0.0",
        "ajv-keywords": "^3.1.0"
      }
    },
    "source-map": {
      "version": "0.1.43",
      "resolved": "http://registry.npmjs.org/source-map/-/source-map-0.1.43.tgz",
      "integrity": "sha1-wkvBRspRfBRx9drL4lcbK3+eM0Y=",
      "requires": {
        "amdefine": ">=0.0.4"
      }
    },
    "style-loader": {
      "version": "0.23.1",
      "resolved": "https://registry.npmjs.org/style-loader/-/style-loader-0.23.1.tgz",
      "integrity": "sha512-XK+uv9kWwhZMZ1y7mysB+zoihsEj4wneFWAS5qoiLwzW0WzSqMrrsIy+a3zkQJq0ipFtBpX5W3MqyRIBF/WFGg==",
      "requires": {
        "loader-utils": "^1.1.0",
        "schema-utils": "^1.0.0"
      }
    },
    "stylus": {
      "version": "0.54.5",
      "resolved": "https://registry.npmjs.org/stylus/-/stylus-0.54.5.tgz",
      "integrity": "sha1-QrlWCTHKcJDOhRWnmLqeaqPW3Hk=",
      "requires": {
        "css-parse": "1.7.x",
        "debug": "*",
        "glob": "7.0.x",
        "mkdirp": "0.5.x",
        "sax": "0.5.x",
        "source-map": "0.1.x"
      }
    },
    "stylus-loader": {
      "version": "3.0.2",
      "resolved": "https://registry.npmjs.org/stylus-loader/-/stylus-loader-3.0.2.tgz",
      "integrity": "sha512-+VomPdZ6a0razP+zinir61yZgpw2NfljeSsdUF5kJuEzlo3khXhY19Fn6l8QQz1GRJGtMCo8nG5C04ePyV7SUA==",
      "requires": {
        "loader-utils": "^1.0.2",
        "lodash.clonedeep": "^4.5.0",
        "when": "~3.6.x"
      }
    },
    "throttle-debounce": {
      "version": "1.1.0",
      "resolved": "https://registry.npmjs.org/throttle-debounce/-/throttle-debounce-1.1.0.tgz",
      "integrity": "sha512-XH8UiPCQcWNuk2LYePibW/4qL97+ZQ1AN3FNXwZRBNPPowo/NRU5fAlDCSNBJIYCKbioZfuYtMhG4quqoJhVzg=="
    },
    "tinycolor2": {
      "version": "1.4.1",
      "resolved": "https://registry.npmjs.org/tinycolor2/-/tinycolor2-1.4.1.tgz",
      "integrity": "sha1-9PrTM0R7wLB9TcjpIJ2POaisd+g="
    },
    "uri-js": {
      "version": "4.2.2",
      "resolved": "https://registry.npmjs.org/uri-js/-/uri-js-4.2.2.tgz",
      "integrity": "sha512-KY9Frmirql91X2Qgjry0Wd4Y+YTdrdZheS8TFwvkbLWf/G5KNJDCh6pKL5OZctEW4+0Baa5idK2ZQuELRwPznQ==",
      "requires": {
        "punycode": "^2.1.0"
      }
    },
    "vue": {
      "version": "2.5.16",
      "resolved": "https://registry.npmjs.org/vue/-/vue-2.5.16.tgz",
      "integrity": "sha512-/ffmsiVuPC8PsWcFkZngdpas19ABm5mh2wA7iDqcltyCTwlgZjHGeJYOXkBMo422iPwIcviOtrTCUpSfXmToLQ=="
    },
    "vue-create-api": {
      "version": "0.2.0",
      "resolved": "https://registry.npmjs.org/vue-create-api/-/vue-create-api-0.2.0.tgz",
      "integrity": "sha512-fDdSTKpWkTYtcMi1Jd2VJsAFeJBK9/XEQyqHdJtCV3Jj0Fi8XUJO215HQZSnfheS0i8I0SQngBc/sr3wLfx7/w=="
    },
    "vue-router": {
      "version": "3.0.1",
      "resolved": "https://registry.npmjs.org/vue-router/-/vue-router-3.0.1.tgz",
      "integrity": "sha512-vLLoY452L+JBpALMP5UHum9+7nzR9PeIBCghU9ZtJ1eWm6ieUI8Zb/DI3MYxH32bxkjzYV1LRjNv4qr8d+uX/w=="
    },
    "vuex": {
      "version": "3.0.1",
      "resolved": "https://registry.npmjs.org/vuex/-/vuex-3.0.1.tgz",
      "integrity": "sha512-wLoqz0B7DSZtgbWL1ShIBBCjv22GV5U+vcBFox658g6V0s4wZV9P4YjCNyoHSyIBpj1f29JBoNQIqD82cR4O3w=="
    },
    "vx-easyui": {
      "version": "1.0.12",
      "resolved": "https://registry.npmjs.org/vx-easyui/-/vx-easyui-1.0.12.tgz",
      "integrity": "sha512-VXt1QkGF9+UJuC4J+e2144F2NbXSWiEGLvvAPWPFv+4AVsvp1r10Fx2VQYKCsq0jyBYJV5JM13tbjHjW10+UDw==",
      "dev": true
    },
    "webpack-transform-modules-plugin": {
      "version": "0.3.5",
      "resolved": "https://registry.npmjs.org/webpack-transform-modules-plugin/-/webpack-transform-modules-plugin-0.3.5.tgz",
      "integrity": "sha512-olNWCsXyOlwuNV0cGpBiB9DMNGMWAqQj45z3R0/c250y1kPNNHBuhoK0TR+NhoatHoKBkhiJ+T3n2+mGJBZsiQ==",
      "dev": true,
      "requires": {
        "babel-plugin-transform-modules": "^0.1.1",
        "load-pkg-config": "^1.0.1"
      }
    },
    "when": {
      "version": "3.6.4",
      "resolved": "https://registry.npmjs.org/when/-/when-3.6.4.tgz",
      "integrity": "sha1-RztRfsFZ4rhQBUl6E5g/CVQS404="
    },
    "wrappy": {
      "version": "1.0.2",
      "resolved": "https://registry.npmjs.org/wrappy/-/wrappy-1.0.2.tgz",
      "integrity": "sha1-tSQ9jz7BqjXxNkYFvA0QNuMKtp8="
    }
  }
}
